
Microsoft Visual Studio Solution File, Format Version 12.00
# Visual Studio Version 17
VisualStudioVersion = 17.1.32319.34
MinimumVisualStudioVersion = 10.0.40219.1
Project("{2150E333-8FDC-42A3-9474-1A3956D46DE8}") = "Services", "Services", "{FF1362AE-7836-4DB9-9280-7B0FB17CDB2E}"
EndProject
Project("{2150E333-8FDC-42A3-9474-1A3956D46DE8}") = "Catalog", "Catalog", "{D0DA5D9D-2D39-4CDB-80BE-E579934F58E0}"
EndProject
Project("{9A19103F-16F7-4668-BE54-9A1E7A4F7556}") = "Catalog.API", "Services\Catalog\Catalog.API\Catalog.API.csproj", "{662B525B-9FE8-46AF-AF6D-8FF06ABF3E4C}"
EndProject
Project("{E53339B2-1760-4266-BCC7-CA923CBCF16C}") = "docker-compose", "docker-compose.dcproj", "{FA52465D-799E-432B-8E61-06B49BA2FA7F}"
EndProject
Project("{2150E333-8FDC-42A3-9474-1A3956D46DE8}") = "Basket", "Basket", "{B78D8F57-2DA2-43E1-AE1D-F73D87CC18B9}"
EndProject
Project("{9A19103F-16F7-4668-BE54-9A1E7A4F7556}") = "Basket.API", "Services\Basket\Basket.API\Basket.API.csproj", "{96ABA93E-43F8-4348-94A3-49034D07AC07}"
EndProject
Project("{2150E333-8FDC-42A3-9474-1A3956D46DE8}") = "Discount", "Discount", "{A0E289F4-938E-4D07-BCA6-A2A1AE88C6AD}"
EndProject
Project("{9A19103F-16F7-4668-BE54-9A1E7A4F7556}") = "Discount.API", "Services\Discount\Discount.API\Discount.API.csproj", "{6399CBEC-CD66-4148-B608-44DE2B35ED53}"
EndProject
Project("{9A19103F-16F7-4668-BE54-9A1E7A4F7556}") = "Discount.Grpc", "Services\Discount\Discount.Grpc\Discount.Grpc.csproj", "{5CD12902-D6B3-4212-886A-6304D3C3CC98}"
EndProject
Project("{2150E333-8FDC-42A3-9474-1A3956D46DE8}") = "Ordering", "Ordering", "{87DCCED0-12FE-4B0D-B2AC-9C60F4DA1F66}"
EndProject
Project("{9A19103F-16F7-4668-BE54-9A1E7A4F7556}") = "Ordering.API", "Services\Ordering\Ordering.API\Ordering.API.csproj", "{7931516F-DBDE-46EB-9BBF-4453EF095402}"
EndProject
Project("{9A19103F-16F7-4668-BE54-9A1E7A4F7556}") = "Ordering.Domain", "Services\Ordering\Ordering.Domain\Ordering.Domain.csproj", "{B391098D-62A9-4051-ADB7-AC956EFAE1C1}"
EndProject
Project("{9A19103F-16F7-4668-BE54-9A1E7A4F7556}") = "Ordering.Application", "Services\Ordering\Ordering.Application\Ordering.Application.csproj", "{C1AB5EAC-27E7-42C6-8231-9F1C0B0ABEC1}"
EndProject
Project("{9A19103F-16F7-4668-BE54-9A1E7A4F7556}") = "Ordering.Infrastructure", "Services\Ordering\Ordering.Inrastructure\Ordering.Infrastructure.csproj", "{DA4D3E1D-F24C-4920-B1B4-4F169A361813}"
EndProject
Project("{2150E333-8FDC-42A3-9474-1A3956D46DE8}") = "BuildingBlocks", "BuildingBlocks", "{5520F452-81FF-4B36-AAE6-E4B33079DB5A}"
EndProject
Project("{FAE04EC0-301F-11D3-BF4B-00C04F79EFBC}") = "EventBus.Messages", "BuildingBlocks\EventBus.Messages\EventBus.Messages.csproj", "{93BCA441-3C42-48D0-B42B-634925AB68E4}"
EndProject
Project("{2150E333-8FDC-42A3-9474-1A3956D46DE8}") = "ApiGateways", "ApiGateways", "{5B5FF950-2E1D-43E7-B2ED-55947EE68D76}"
EndProject
Project("{FAE04EC0-301F-11D3-BF4B-00C04F79EFBC}") = "OcelotApiGw", "ApiGateways\OcelotApiGw\OcelotApiGw.csproj", "{704212A3-DF7A-4F1A-AB87-7A50C48EEE46}"
EndProject
Project("{FAE04EC0-301F-11D3-BF4B-00C04F79EFBC}") = "Shopping.Aggregator", "ApiGateways\Shopping.Aggregator\Shopping.Aggregator.csproj", "{69A34259-80BC-412B-A65A-A40B12BF321E}"
EndProject
Project("{2150E333-8FDC-42A3-9474-1A3956D46DE8}") = "WebApps", "WebApps", "{F5D036EA-B9D3-4D7B-9BA9-E7341C93B819}"
EndProject
Global
	GlobalSection(SolutionConfigurationPlatforms) = preSolution
		Debug|Any CPU = Debug|Any CPU
		Release|Any CPU = Release|Any CPU
	EndGlobalSection
	GlobalSection(ProjectConfigurationPlatforms) = postSolution
		{662B525B-9FE8-46AF-AF6D-8FF06ABF3E4C}.Debug|Any CPU.ActiveCfg = Debug|Any CPU
		{662B525B-9FE8-46AF-AF6D-8FF06ABF3E4C}.Debug|Any CPU.Build.0 = Debug|Any CPU
		{662B525B-9FE8-46AF-AF6D-8FF06ABF3E4C}.Release|Any CPU.ActiveCfg = Release|Any CPU
		{662B525B-9FE8-46AF-AF6D-8FF06ABF3E4C}.Release|Any CPU.Build.0 = Release|Any CPU
		{FA52465D-799E-432B-8E61-06B49BA2FA7F}.Debug|Any CPU.ActiveCfg = Debug|Any CPU
		{FA52465D-799E-432B-8E61-06B49BA2FA7F}.Debug|Any CPU.Build.0 = Debug|Any CPU
		{FA52465D-799E-432B-8E61-06B49BA2FA7F}.Release|Any CPU.ActiveCfg = Release|Any CPU
		{FA52465D-799E-432B-8E61-06B49BA2FA7F}.Release|Any CPU.Build.0 = Release|Any CPU
		{96ABA93E-43F8-4348-94A3-49034D07AC07}.Debug|Any CPU.ActiveCfg = Debug|Any CPU
		{96ABA93E-43F8-4348-94A3-49034D07AC07}.Debug|Any CPU.Build.0 = Debug|Any CPU
		{96ABA93E-43F8-4348-94A3-49034D07AC07}.Release|Any CPU.ActiveCfg = Release|Any CPU
		{96ABA93E-43F8-4348-94A3-49034D07AC07}.Release|Any CPU.Build.0 = Release|Any CPU
		{6399CBEC-CD66-4148-B608-44DE2B35ED53}.Debug|Any CPU.ActiveCfg = Debug|Any CPU
		{6399CBEC-CD66-4148-B608-44DE2B35ED53}.Debug|Any CPU.Build.0 = Debug|Any CPU
		{6399CBEC-CD66-4148-B608-44DE2B35ED53}.Release|Any CPU.ActiveCfg = Release|Any CPU
		{6399CBEC-CD66-4148-B608-44DE2B35ED53}.Release|Any CPU.Build.0 = Release|Any CPU
		{5CD12902-D6B3-4212-886A-6304D3C3CC98}.Debug|Any CPU.ActiveCfg = Debug|Any CPU
		{5CD12902-D6B3-4212-886A-6304D3C3CC98}.Debug|Any CPU.Build.0 = Debug|Any CPU
		{5CD12902-D6B3-4212-886A-6304D3C3CC98}.Release|Any CPU.ActiveCfg = Release|Any CPU
		{5CD12902-D6B3-4212-886A-6304D3C3CC98}.Release|Any CPU.Build.0 = Release|Any CPU
		{7931516F-DBDE-46EB-9BBF-4453EF095402}.Debug|Any CPU.ActiveCfg = Debug|Any CPU
		{7931516F-DBDE-46EB-9BBF-4453EF095402}.Debug|Any CPU.Build.0 = Debug|Any CPU
		{7931516F-DBDE-46EB-9BBF-4453EF095402}.Release|Any CPU.ActiveCfg = Release|Any CPU
		{7931516F-DBDE-46EB-9BBF-4453EF095402}.Release|Any CPU.Build.0 = Release|Any CPU
		{B391098D-62A9-4051-ADB7-AC956EFAE1C1}.Debug|Any CPU.ActiveCfg = Debug|Any CPU
		{B391098D-62A9-4051-ADB7-AC956EFAE1C1}.Debug|Any CPU.Build.0 = Debug|Any CPU
		{B391098D-62A9-4051-ADB7-AC956EFAE1C1}.Release|Any CPU.ActiveCfg = Release|Any CPU
		{B391098D-62A9-4051-ADB7-AC956EFAE1C1}.Release|Any CPU.Build.0 = Release|Any CPU
		{C1AB5EAC-27E7-42C6-8231-9F1C0B0ABEC1}.Debug|Any CPU.ActiveCfg = Debug|Any CPU
		{C1AB5EAC-27E7-42C6-8231-9F1C0B0ABEC1}.Debug|Any CPU.Build.0 = Debug|Any CPU
		{C1AB5EAC-27E7-42C6-8231-9F1C0B0ABEC1}.Release|Any CPU.ActiveCfg = Release|Any CPU
		{C1AB5EAC-27E7-42C6-8231-9F1C0B0ABEC1}.Release|Any CPU.Build.0 = Release|Any CPU
		{DA4D3E1D-F24C-4920-B1B4-4F169A361813}.Debug|Any CPU.ActiveCfg = Debug|Any CPU
		{DA4D3E1D-F24C-4920-B1B4-4F169A361813}.Debug|Any CPU.Build.0 = Debug|Any CPU
		{DA4D3E1D-F24C-4920-B1B4-4F169A361813}.Release|Any CPU.ActiveCfg = Release|Any CPU
		{DA4D3E1D-F24C-4920-B1B4-4F169A361813}.Release|Any CPU.Build.0 = Release|Any CPU
		{93BCA441-3C42-48D0-B42B-634925AB68E4}.Debug|Any CPU.ActiveCfg = Debug|Any CPU
		{93BCA441-3C42-48D0-B42B-634925AB68E4}.Debug|Any CPU.Build.0 = Debug|Any CPU
		{93BCA441-3C42-48D0-B42B-634925AB68E4}.Release|Any CPU.ActiveCfg = Release|Any CPU
		{93BCA441-3C42-48D0-B42B-634925AB68E4}.Release|Any CPU.Build.0 = Release|Any CPU
		{704212A3-DF7A-4F1A-AB87-7A50C48EEE46}.Debug|Any CPU.ActiveCfg = Debug|Any CPU
		{704212A3-DF7A-4F1A-AB87-7A50C48EEE46}.Debug|Any CPU.Build.0 = Debug|Any CPU
		{704212A3-DF7A-4F1A-AB87-7A50C48EEE46}.Release|Any CPU.ActiveCfg = Release|Any CPU
		{704212A3-DF7A-4F1A-AB87-7A50C48EEE46}.Release|Any CPU.Build.0 = Release|Any CPU
		{69A34259-80BC-412B-A65A-A40B12BF321E}.Debug|Any CPU.ActiveCfg = Debug|Any CPU
		{69A34259-80BC-412B-A65A-A40B12BF321E}.Debug|Any CPU.Build.0 = Debug|Any CPU
		{69A34259-80BC-412B-A65A-A40B12BF321E}.Release|Any CPU.ActiveCfg = Release|Any CPU
		{69A34259-80BC-412B-A65A-A40B12BF321E}.Release|Any CPU.Build.0 = Release|Any CPU
	EndGlobalSection
	GlobalSection(SolutionProperties) = preSolution
		HideSolutionNode = FALSE
	EndGlobalSection
	GlobalSection(NestedProjects) = preSolution
		{D0DA5D9D-2D39-4CDB-80BE-E579934F58E0} = {FF1362AE-7836-4DB9-9280-7B0FB17CDB2E}
		{662B525B-9FE8-46AF-AF6D-8FF06ABF3E4C} = {D0DA5D9D-2D39-4CDB-80BE-E579934F58E0}
		{B78D8F57-2DA2-43E1-AE1D-F73D87CC18B9} = {FF1362AE-7836-4DB9-9280-7B0FB17CDB2E}
		{96ABA93E-43F8-4348-94A3-49034D07AC07} = {B78D8F57-2DA2-43E1-AE1D-F73D87CC18B9}
		{A0E289F4-938E-4D07-BCA6-A2A1AE88C6AD} = {FF1362AE-7836-4DB9-9280-7B0FB17CDB2E}
		{6399CBEC-CD66-4148-B608-44DE2B35ED53} = {A0E289F4-938E-4D07-BCA6-A2A1AE88C6AD}
		{5CD12902-D6B3-4212-886A-6304D3C3CC98} = {A0E289F4-938E-4D07-BCA6-A2A1AE88C6AD}
		{87DCCED0-12FE-4B0D-B2AC-9C60F4DA1F66} = {FF1362AE-7836-4DB9-9280-7B0FB17CDB2E}
		{7931516F-DBDE-46EB-9BBF-4453EF095402} = {87DCCED0-12FE-4B0D-B2AC-9C60F4DA1F66}
		{B391098D-62A9-4051-ADB7-AC956EFAE1C1} = {87DCCED0-12FE-4B0D-B2AC-9C60F4DA1F66}
		{C1AB5EAC-27E7-42C6-8231-9F1C0B0ABEC1} = {87DCCED0-12FE-4B0D-B2AC-9C60F4DA1F66}
		{DA4D3E1D-F24C-4920-B1B4-4F169A361813} = {87DCCED0-12FE-4B0D-B2AC-9C60F4DA1F66}
		{93BCA441-3C42-48D0-B42B-634925AB68E4} = {5520F452-81FF-4B36-AAE6-E4B33079DB5A}
		{704212A3-DF7A-4F1A-AB87-7A50C48EEE46} = {5B5FF950-2E1D-43E7-B2ED-55947EE68D76}
		{69A34259-80BC-412B-A65A-A40B12BF321E} = {5B5FF950-2E1D-43E7-B2ED-55947EE68D76}
	EndGlobalSection
	GlobalSection(ExtensibilityGlobals) = postSolution
		SolutionGuid = {8A7B6336-AA81-401B-9A75-6EDA4114DAAF}
	EndGlobalSection
EndGlobal
